Microsoft Visual Studio Solution File, Format Version 12.00
# Visual Studio 14
Project("{8BC9CEB8-8B4A-11D0-8D11-00A0C91BC942}") = "ALL_BUILD", "ALL_BUILD.vcxproj", "{3CCDDBD0-5CF1-337B-9F6D-EEBCFE703D1D}"
	ProjectSection(ProjectDependencies) = postProject
		{303FBE17-DEC9-3FE5-A8A3-8FE669027EA8} = {303FBE17-DEC9-3FE5-A8A3-8FE669027EA8}
		{5013F671-70C0-37EC-ABE6-9EE74C83AF1A} = {5013F671-70C0-37EC-ABE6-9EE74C83AF1A}
	EndProjectSection
EndProject
Project("{8BC9CEB8-8B4A-11D0-8D11-00A0C91BC942}") = "GL_platform_tools", "..\framework\GL_platform_tools\GL_platform_tools.vcxproj", "{B29451D3-BF0F-3678-BFD0-940E41A0E2B3}"
	ProjectSection(ProjectDependencies) = postProject
		{303FBE17-DEC9-3FE5-A8A3-8FE669027EA8} = {303FBE17-DEC9-3FE5-A8A3-8FE669027EA8}
	EndProjectSection
EndProject
Project("{8BC9CEB8-8B4A-11D0-8D11-00A0C91BC942}") = "Win32_core_tools", "..\framework\Win32_core_tools\Win32_core_tools.vcxproj", "{03BFAE7D-5A50-3EC4-910D-BF3C18ABCF31}"
	ProjectSection(ProjectDependencies) = postProject
		{303FBE17-DEC9-3FE5-A8A3-8FE669027EA8} = {303FBE17-DEC9-3FE5-A8A3-8FE669027EA8}
	EndProjectSection
EndProject
Project("{8BC9CEB8-8B4A-11D0-8D11-00A0C91BC942}") = "ZERO_CHECK", "..\\ZERO_CHECK.vcxproj", "{303FBE17-DEC9-3FE5-A8A3-8FE669027EA8}"
	ProjectSection(ProjectDependencies) = postProject
	EndProjectSection
EndProject
Project("{8BC9CEB8-8B4A-11D0-8D11-00A0C91BC942}") = "framework", "..\framework\framework.vcxproj", "{7D4B83C8-54B4-317B-B67D-3FC03F9D44F8}"
	ProjectSection(ProjectDependencies) = postProject
		{303FBE17-DEC9-3FE5-A8A3-8FE669027EA8} = {303FBE17-DEC9-3FE5-A8A3-8FE669027EA8}
	EndProjectSection
EndProject
Project("{8BC9CEB8-8B4A-11D0-8D11-00A0C91BC942}") = "glcore", "..\framework\GL_platform_tools\glcore\glcore.vcxproj", "{EB9B8764-B913-3CDE-ABD9-511E31D4E917}"
	ProjectSection(ProjectDependencies) = postProject
		{303FBE17-DEC9-3FE5-A8A3-8FE669027EA8} = {303FBE17-DEC9-3FE5-A8A3-8FE669027EA8}
	EndProjectSection
EndProject
Project("{8BC9CEB8-8B4A-11D0-8D11-00A0C91BC942}") = "lpng", "..\framework\libpng\lpng.vcxproj", "{1700F8FF-E404-3B84-8894-5EA0378776E7}"
	ProjectSection(ProjectDependencies) = postProject
		{303FBE17-DEC9-3FE5-A8A3-8FE669027EA8} = {303FBE17-DEC9-3FE5-A8A3-8FE669027EA8}
	EndProjectSection
EndProject
Project("{8BC9CEB8-8B4A-11D0-8D11-00A0C91BC942}") = "task3", "task3.vcxproj", "{5013F671-70C0-37EC-ABE6-9EE74C83AF1A}"
	ProjectSection(ProjectDependencies) = postProject
		{B29451D3-BF0F-3678-BFD0-940E41A0E2B3} = {B29451D3-BF0F-3678-BFD0-940E41A0E2B3}
		{03BFAE7D-5A50-3EC4-910D-BF3C18ABCF31} = {03BFAE7D-5A50-3EC4-910D-BF3C18ABCF31}
		{303FBE17-DEC9-3FE5-A8A3-8FE669027EA8} = {303FBE17-DEC9-3FE5-A8A3-8FE669027EA8}
		{7D4B83C8-54B4-317B-B67D-3FC03F9D44F8} = {7D4B83C8-54B4-317B-B67D-3FC03F9D44F8}
		{EB9B8764-B913-3CDE-ABD9-511E31D4E917} = {EB9B8764-B913-3CDE-ABD9-511E31D4E917}
		{1700F8FF-E404-3B84-8894-5EA0378776E7} = {1700F8FF-E404-3B84-8894-5EA0378776E7}
		{B703BF55-4D4B-37B3-8B19-AFFD1D055C4F} = {B703BF55-4D4B-37B3-8B19-AFFD1D055C4F}
	EndProjectSection
EndProject
Project("{8BC9CEB8-8B4A-11D0-8D11-00A0C91BC942}") = "zlib", "..\framework\zlib\zlib.vcxproj", "{B703BF55-4D4B-37B3-8B19-AFFD1D055C4F}"
	ProjectSection(ProjectDependencies) = postProject
		{303FBE17-DEC9-3FE5-A8A3-8FE669027EA8} = {303FBE17-DEC9-3FE5-A8A3-8FE669027EA8}
	EndProjectSection
EndProject
Global
	GlobalSection(SolutionConfigurationPlatforms) = preSolution
		Debug|Win32 = Debug|Win32
		Release|Win32 = Release|Win32
		MinSizeRel|Win32 = MinSizeRel|Win32
		RelWithDebInfo|Win32 = RelWithDebInfo|Win32
		Submission|Win32 = Submission|Win32
	EndGlobalSection
	GlobalSection(ProjectConfigurationPlatforms) = postSolution
		{3CCDDBD0-5CF1-337B-9F6D-EEBCFE703D1D}.Debug|Win32.ActiveCfg = Debug|Win32
		{3CCDDBD0-5CF1-337B-9F6D-EEBCFE703D1D}.Release|Win32.ActiveCfg = Release|Win32
		{3CCDDBD0-5CF1-337B-9F6D-EEBCFE703D1D}.MinSizeRel|Win32.ActiveCfg = MinSizeRel|Win32
		{3CCDDBD0-5CF1-337B-9F6D-EEBCFE703D1D}.RelWithDebInfo|Win32.ActiveCfg = RelWithDebInfo|Win32
		{3CCDDBD0-5CF1-337B-9F6D-EEBCFE703D1D}.Submission|Win32.ActiveCfg = Submission|Win32
		{B29451D3-BF0F-3678-BFD0-940E41A0E2B3}.Debug|Win32.ActiveCfg = Debug|Win32
		{B29451D3-BF0F-3678-BFD0-940E41A0E2B3}.Debug|Win32.Build.0 = Debug|Win32
		{B29451D3-BF0F-3678-BFD0-940E41A0E2B3}.Release|Win32.ActiveCfg = Release|Win32
		{B29451D3-BF0F-3678-BFD0-940E41A0E2B3}.Release|Win32.Build.0 = Release|Win32
		{B29451D3-BF0F-3678-BFD0-940E41A0E2B3}.MinSizeRel|Win32.ActiveCfg = MinSizeRel|Win32
		{B29451D3-BF0F-3678-BFD0-940E41A0E2B3}.MinSizeRel|Win32.Build.0 = MinSizeRel|Win32
		{B29451D3-BF0F-3678-BFD0-940E41A0E2B3}.RelWithDebInfo|Win32.ActiveCfg = RelWithDebInfo|Win32
		{B29451D3-BF0F-3678-BFD0-940E41A0E2B3}.RelWithDebInfo|Win32.Build.0 = RelWithDebInfo|Win32
		{B29451D3-BF0F-3678-BFD0-940E41A0E2B3}.Submission|Win32.ActiveCfg = Submission|Win32
		{B29451D3-BF0F-3678-BFD0-940E41A0E2B3}.Submission|Win32.Build.0 = Submission|Win32
		{03BFAE7D-5A50-3EC4-910D-BF3C18ABCF31}.Debug|Win32.ActiveCfg = Debug|Win32
		{03BFAE7D-5A50-3EC4-910D-BF3C18ABCF31}.Debug|Win32.Build.0 = Debug|Win32
		{03BFAE7D-5A50-3EC4-910D-BF3C18ABCF31}.Release|Win32.ActiveCfg = Release|Win32
		{03BFAE7D-5A50-3EC4-910D-BF3C18ABCF31}.Release|Win32.Build.0 = Release|Win32
		{03BFAE7D-5A50-3EC4-910D-BF3C18ABCF31}.MinSizeRel|Win32.ActiveCfg = MinSizeRel|Win32
		{03BFAE7D-5A50-3EC4-910D-BF3C18ABCF31}.MinSizeRel|Win32.Build.0 = MinSizeRel|Win32
		{03BFAE7D-5A50-3EC4-910D-BF3C18ABCF31}.RelWithDebInfo|Win32.ActiveCfg = RelWithDebInfo|Win32
		{03BFAE7D-5A50-3EC4-910D-BF3C18ABCF31}.RelWithDebInfo|Win32.Build.0 = RelWithDebInfo|Win32
		{03BFAE7D-5A50-3EC4-910D-BF3C18ABCF31}.Submission|Win32.ActiveCfg = Submission|Win32
		{03BFAE7D-5A50-3EC4-910D-BF3C18ABCF31}.Submission|Win32.Build.0 = Submission|Win32
		{303FBE17-DEC9-3FE5-A8A3-8FE669027EA8}.Debug|Win32.ActiveCfg = Debug|Win32
		{303FBE17-DEC9-3FE5-A8A3-8FE669027EA8}.Debug|Win32.Build.0 = Debug|Win32
		{303FBE17-DEC9-3FE5-A8A3-8FE669027EA8}.Release|Win32.ActiveCfg = Release|Win32
		{303FBE17-DEC9-3FE5-A8A3-8FE669027EA8}.Release|Win32.Build.0 = Release|Win32
		{303FBE17-DEC9-3FE5-A8A3-8FE669027EA8}.MinSizeRel|Win32.ActiveCfg = MinSizeRel|Win32
		{303FBE17-DEC9-3FE5-A8A3-8FE669027EA8}.MinSizeRel|Win32.Build.0 = MinSizeRel|Win32
		{303FBE17-DEC9-3FE5-A8A3-8FE669027EA8}.RelWithDebInfo|Win32.ActiveCfg = RelWithDebInfo|Win32
		{303FBE17-DEC9-3FE5-A8A3-8FE669027EA8}.RelWithDebInfo|Win32.Build.0 = RelWithDebInfo|Win32
		{303FBE17-DEC9-3FE5-A8A3-8FE669027EA8}.Submission|Win32.ActiveCfg = Submission|Win32
		{303FBE17-DEC9-3FE5-A8A3-8FE669027EA8}.Submission|Win32.Build.0 = Submission|Win32
		{7D4B83C8-54B4-317B-B67D-3FC03F9D44F8}.Debug|Win32.ActiveCfg = Debug|Win32
		{7D4B83C8-54B4-317B-B67D-3FC03F9D44F8}.Debug|Win32.Build.0 = Debug|Win32
		{7D4B83C8-54B4-317B-B67D-3FC03F9D44F8}.Release|Win32.ActiveCfg = Release|Win32
		{7D4B83C8-54B4-317B-B67D-3FC03F9D44F8}.Release|Win32.Build.0 = Release|Win32
		{7D4B83C8-54B4-317B-B67D-3FC03F9D44F8}.MinSizeRel|Win32.ActiveCfg = MinSizeRel|Win32
		{7D4B83C8-54B4-317B-B67D-3FC03F9D44F8}.MinSizeRel|Win32.Build.0 = MinSizeRel|Win32
		{7D4B83C8-54B4-317B-B67D-3FC03F9D44F8}.RelWithDebInfo|Win32.ActiveCfg = RelWithDebInfo|Win32
		{7D4B83C8-54B4-317B-B67D-3FC03F9D44F8}.RelWithDebInfo|Win32.Build.0 = RelWithDebInfo|Win32
		{7D4B83C8-54B4-317B-B67D-3FC03F9D44F8}.Submission|Win32.ActiveCfg = Submission|Win32
		{7D4B83C8-54B4-317B-B67D-3FC03F9D44F8}.Submission|Win32.Build.0 = Submission|Win32
		{EB9B8764-B913-3CDE-ABD9-511E31D4E917}.Debug|Win32.ActiveCfg = Debug|Win32
		{EB9B8764-B913-3CDE-ABD9-511E31D4E917}.Debug|Win32.Build.0 = Debug|Win32
		{EB9B8764-B913-3CDE-ABD9-511E31D4E917}.Release|Win32.ActiveCfg = Release|Win32
		{EB9B8764-B913-3CDE-ABD9-511E31D4E917}.Release|Win32.Build.0 = Release|Win32
		{EB9B8764-B913-3CDE-ABD9-511E31D4E917}.MinSizeRel|Win32.ActiveCfg = MinSizeRel|Win32
		{EB9B8764-B913-3CDE-ABD9-511E31D4E917}.MinSizeRel|Win32.Build.0 = MinSizeRel|Win32
		{EB9B8764-B913-3CDE-ABD9-511E31D4E917}.RelWithDebInfo|Win32.ActiveCfg = RelWithDebInfo|Win32
		{EB9B8764-B913-3CDE-ABD9-511E31D4E917}.RelWithDebInfo|Win32.Build.0 = RelWithDebInfo|Win32
		{EB9B8764-B913-3CDE-ABD9-511E31D4E917}.Submission|Win32.ActiveCfg = Submission|Win32
		{EB9B8764-B913-3CDE-ABD9-511E31D4E917}.Submission|Win32.Build.0 = Submission|Win32
		{1700F8FF-E404-3B84-8894-5EA0378776E7}.Debug|Win32.ActiveCfg = Debug|Win32
		{1700F8FF-E404-3B84-8894-5EA0378776E7}.Debug|Win32.Build.0 = Debug|Win32
		{1700F8FF-E404-3B84-8894-5EA0378776E7}.Release|Win32.ActiveCfg = Release|Win32
		{1700F8FF-E404-3B84-8894-5EA0378776E7}.Release|Win32.Build.0 = Release|Win32
		{1700F8FF-E404-3B84-8894-5EA0378776E7}.MinSizeRel|Win32.ActiveCfg = MinSizeRel|Win32
		{1700F8FF-E404-3B84-8894-5EA0378776E7}.MinSizeRel|Win32.Build.0 = MinSizeRel|Win32
		{1700F8FF-E404-3B84-8894-5EA0378776E7}.RelWithDebInfo|Win32.ActiveCfg = RelWithDebInfo|Win32
		{1700F8FF-E404-3B84-8894-5EA0378776E7}.RelWithDebInfo|Win32.Build.0 = RelWithDebInfo|Win32
		{1700F8FF-E404-3B84-8894-5EA0378776E7}.Submission|Win32.ActiveCfg = Submission|Win32
		{1700F8FF-E404-3B84-8894-5EA0378776E7}.Submission|Win32.Build.0 = Submission|Win32
		{5013F671-70C0-37EC-ABE6-9EE74C83AF1A}.Debug|Win32.ActiveCfg = Debug|Win32
		{5013F671-70C0-37EC-ABE6-9EE74C83AF1A}.Debug|Win32.Build.0 = Debug|Win32
		{5013F671-70C0-37EC-ABE6-9EE74C83AF1A}.Release|Win32.ActiveCfg = Release|Win32
		{5013F671-70C0-37EC-ABE6-9EE74C83AF1A}.Release|Win32.Build.0 = Release|Win32
		{5013F671-70C0-37EC-ABE6-9EE74C83AF1A}.MinSizeRel|Win32.ActiveCfg = MinSizeRel|Win32
		{5013F671-70C0-37EC-ABE6-9EE74C83AF1A}.MinSizeRel|Win32.Build.0 = MinSizeRel|Win32
		{5013F671-70C0-37EC-ABE6-9EE74C83AF1A}.RelWithDebInfo|Win32.ActiveCfg = RelWithDebInfo|Win32
		{5013F671-70C0-37EC-ABE6-9EE74C83AF1A}.RelWithDebInfo|Win32.Build.0 = RelWithDebInfo|Win32
		{5013F671-70C0-37EC-ABE6-9EE74C83AF1A}.Submission|Win32.ActiveCfg = Submission|Win32
		{5013F671-70C0-37EC-ABE6-9EE74C83AF1A}.Submission|Win32.Build.0 = Submission|Win32
		{B703BF55-4D4B-37B3-8B19-AFFD1D055C4F}.Debug|Win32.ActiveCfg = Debug|Win32
		{B703BF55-4D4B-37B3-8B19-AFFD1D055C4F}.Debug|Win32.Build.0 = Debug|Win32
		{B703BF55-4D4B-37B3-8B19-AFFD1D055C4F}.Release|Win32.ActiveCfg = Release|Win32
		{B703BF55-4D4B-37B3-8B19-AFFD1D055C4F}.Release|Win32.Build.0 = Release|Win32
		{B703BF55-4D4B-37B3-8B19-AFFD1D055C4F}.MinSizeRel|Win32.ActiveCfg = MinSizeRel|Win32
		{B703BF55-4D4B-37B3-8B19-AFFD1D055C4F}.MinSizeRel|Win32.Build.0 = MinSizeRel|Win32
		{B703BF55-4D4B-37B3-8B19-AFFD1D055C4F}.RelWithDebInfo|Win32.ActiveCfg = RelWithDebInfo|Win32
		{B703BF55-4D4B-37B3-8B19-AFFD1D055C4F}.RelWithDebInfo|Win32.Build.0 = RelWithDebInfo|Win32
		{B703BF55-4D4B-37B3-8B19-AFFD1D055C4F}.Submission|Win32.ActiveCfg = Submission|Win32
		{B703BF55-4D4B-37B3-8B19-AFFD1D055C4F}.Submission|Win32.Build.0 = Submission|Win32
	EndGlobalSection
	GlobalSection(ExtensibilityGlobals) = postSolution
	EndGlobalSection
	GlobalSection(ExtensibilityAddIns) = postSolution
	EndGlobalSection
EndGlobal
